
Microsoft Visual Studio Solution File, Format Version 12.00
# Visual Studio Version 17
VisualStudioVersion = 17.4.33122.133
MinimumVisualStudioVersion = 10.0.40219.1
Project("{FAE04EC0-301F-11D3-BF4B-00C04F79EFBC}") = "HeroscapeTournamentServer", "HeroscapeTournamentServer.csproj", "{D54B27F1-8750-4F11-BEA1-BACA7F57E3AF}"
EndProject
Global
	GlobalSection(SolutionConfigurationPlatforms) = preSolution
		Debug|Any CPU = Debug|Any CPU
		Release|Any CPU = Release|Any CPU
	EndGlobalSection
	GlobalSection(ProjectConfigurationPlatforms) = postSolution
		{D54B27F1-8750-4F11-BEA1-BACA7F57E3AF}.Debug|Any CPU.ActiveCfg = Debug|Any CPU
		{D54B27F1-8750-4F11-BEA1-BACA7F57E3AF}.Debug|Any CPU.Build.0 = Debug|Any CPU
		{D54B27F1-8750-4F11-BEA1-BACA7F57E3AF}.Release|Any CPU.ActiveCfg = Release|Any CPU
		{D54B27F1-8750-4F11-BEA1-BACA7F57E3AF}.Release|Any CPU.Build.0 = Release|Any CPU
	EndGlobalSection
	GlobalSection(SolutionProperties) = preSolution
		HideSolutionNode = FALSE
	EndGlobalSection
	GlobalSection(ExtensibilityGlobals) = postSolution
		SolutionGuid = {3D25D33F-F6B0-4E6E-84CE-A265FE1E8055}
	EndGlobalSection
EndGlobal
